
Microsoft Visual Studio Solution File, Format Version 12.00
# Visual Studio 15
VisualStudioVersion = 15.0.26228.64
MinimumVisualStudioVersion = 10.0.40219.1
Project("{FAE04EC0-301F-11D3-BF4B-00C04F79EFBC}") = "DLPAdmin", "DLPAdmin\DLPAdmin.csproj", "{459EAD10-8AA6-4525-973C-53DCC89AC4AD}"
EndProject
Project("{FAE04EC0-301F-11D3-BF4B-00C04F79EFBC}") = "DLPConexion", "Conexion\DLPConexion.csproj", "{B3B46F2C-46E2-4976-82E4-FA7E7215892F}"
EndProject
Project("{FAE04EC0-301F-11D3-BF4B-00C04F79EFBC}") = "DLPCliente", "DLPCliente\DLPCliente.csproj", "{E4DBDAEF-D0B6-470E-B5D5-89B0F1E9E613}"
EndProject
Global
	GlobalSection(SolutionConfigurationPlatforms) = preSolution
		Debug|Any CPU = Debug|Any CPU
		Release|Any CPU = Release|Any CPU
	EndGlobalSection
	GlobalSection(ProjectConfigurationPlatforms) = postSolution
		{459EAD10-8AA6-4525-973C-53DCC89AC4AD}.Debug|Any CPU.ActiveCfg = Debug|Any CPU
		{459EAD10-8AA6-4525-973C-53DCC89AC4AD}.Debug|Any CPU.Build.0 = Debug|Any CPU
		{459EAD10-8AA6-4525-973C-53DCC89AC4AD}.Release|Any CPU.ActiveCfg = Release|Any CPU
		{459EAD10-8AA6-4525-973C-53DCC89AC4AD}.Release|Any CPU.Build.0 = Release|Any CPU
		{B3B46F2C-46E2-4976-82E4-FA7E7215892F}.Debug|Any CPU.ActiveCfg = Debug|Any CPU
		{B3B46F2C-46E2-4976-82E4-FA7E7215892F}.Debug|Any CPU.Build.0 = Debug|Any CPU
		{B3B46F2C-46E2-4976-82E4-FA7E7215892F}.Release|Any CPU.ActiveCfg = Release|Any CPU
		{B3B46F2C-46E2-4976-82E4-FA7E7215892F}.Release|Any CPU.Build.0 = Release|Any CPU
		{E4DBDAEF-D0B6-470E-B5D5-89B0F1E9E613}.Debug|Any CPU.ActiveCfg = Debug|Any CPU
		{E4DBDAEF-D0B6-470E-B5D5-89B0F1E9E613}.Debug|Any CPU.Build.0 = Debug|Any CPU
		{E4DBDAEF-D0B6-470E-B5D5-89B0F1E9E613}.Release|Any CPU.ActiveCfg = Release|Any CPU
		{E4DBDAEF-D0B6-470E-B5D5-89B0F1E9E613}.Release|Any CPU.Build.0 = Release|Any CPU
	EndGlobalSection
	GlobalSection(SolutionProperties) = preSolution
		HideSolutionNode = FALSE
	EndGlobalSection
	GlobalSection(ExtensibilityGlobals) = postSolution
		SolutionGuid = {0513E467-ED45-41D7-8EA3-E496A50E2736}
	EndGlobalSection
EndGlobal
